
Microsoft Visual Studio Solution File, Format Version 12.00
# Visual Studio Version 17
VisualStudioVersion = 17.0.31912.275
MinimumVisualStudioVersion = 10.0.40219.1
Project("{FAE04EC0-301F-11D3-BF4B-00C04F79EFBC}") = "MultiProgram", "MultiProgram.csproj", "{B736DF8D-11C6-4213-BAF6-0C5684786FA3}"
EndProject
Global
	GlobalSection(SolutionConfigurationPlatforms) = preSolution
		Debug|Any CPU = Debug|Any CPU
		Release|Any CPU = Release|Any CPU
	EndGlobalSection
	GlobalSection(ProjectConfigurationPlatforms) = postSolution
		{B736DF8D-11C6-4213-BAF6-0C5684786FA3}.Debug|Any CPU.ActiveCfg = Debug|Any CPU
		{B736DF8D-11C6-4213-BAF6-0C5684786FA3}.Debug|Any CPU.Build.0 = Debug|Any CPU
		{B736DF8D-11C6-4213-BAF6-0C5684786FA3}.Release|Any CPU.ActiveCfg = Release|Any CPU
		{B736DF8D-11C6-4213-BAF6-0C5684786FA3}.Release|Any CPU.Build.0 = Release|Any CPU
	EndGlobalSection
	GlobalSection(SolutionProperties) = preSolution
		HideSolutionNode = FALSE
	EndGlobalSection
	GlobalSection(ExtensibilityGlobals) = postSolution
		SolutionGuid = {3C896741-C2CB-4C37-AA4C-660AD8A4F092}
	EndGlobalSection
EndGlobal
